
Microsoft Visual Studio Solution File, Format Version 12.00
# Visual Studio Version 18
VisualStudioVersion = 18.4.11605.240 stable
MinimumVisualStudioVersion = 10.0.40219.1
Project("{FAE04EC0-301F-11D3-BF4B-00C04F79EFBC}") = "CpuFrequencySample", "CpuFrequencySample.csproj", "{E445783D-FABC-E76E-8DAD-3F27EE2D57F3}"
EndProject
Global
	GlobalSection(SolutionConfigurationPlatforms) = preSolution
		Debug|Any CPU = Debug|Any CPU
		Release|Any CPU = Release|Any CPU
	EndGlobalSection
	GlobalSection(ProjectConfigurationPlatforms) = postSolution
		{E445783D-FABC-E76E-8DAD-3F27EE2D57F3}.Debug|Any CPU.ActiveCfg = Debug|Any CPU
		{E445783D-FABC-E76E-8DAD-3F27EE2D57F3}.Debug|Any CPU.Build.0 = Debug|Any CPU
		{E445783D-FABC-E76E-8DAD-3F27EE2D57F3}.Release|Any CPU.ActiveCfg = Release|Any CPU
		{E445783D-FABC-E76E-8DAD-3F27EE2D57F3}.Release|Any CPU.Build.0 = Release|Any CPU
	EndGlobalSection
	GlobalSection(SolutionProperties) = preSolution
		HideSolutionNode = FALSE
	EndGlobalSection
	GlobalSection(ExtensibilityGlobals) = postSolution
		SolutionGuid = {17E3B6EE-8FCF-48CF-A4FD-9120A87C7635}
	EndGlobalSection
EndGlobal
